<Solution>
  <Configurations>
    <Platform Name="Any CPU" />
    <Platform Name="x64" />
    <Platform Name="x86" />
  </Configurations>
  <Folder Name="/src/">
    <File Path="src/Directory.Build.props" />
    <Project Path="src/IDeepCloneable.Generator.Source/IDeepCloneable.Generator.Source.csproj" />
    <Project Path="src/IDeepCloneable.Generator/IDeepCloneable.Generator.csproj" />
    <Project Path="src/IDeepCloneable/IDeepCloneable.csproj" />
  </Folder>
  <Folder Name="/tests/">
    <File Path="tests/Directory.Build.props" />
    <Project Path="tests/IDeepCloneable.Tests/IDeepCloneable.Tests.csproj" />
  </Folder>
  <Folder Name="/benchmark/">
    <Project Path="benchmark/IDeepCloneable.Benchmark/IDeepCloneable.Benchmark.csproj" />
  </Folder>
</Solution>
